
Microsoft Visual Studio Solution File, Format Version 12.00
# Visual Studio 14
VisualStudioVersion = 14.0.25420.1
MinimumVisualStudioVersion = 10.0.40219.1
Project("{2150E333-8FDC-42A3-9474-1A3956D46DE8}") = "DataServices", "DataServices", "{5AA13B71-5A75-4181-87D4-F42957C63B4A}"
EndProject
Project("{2150E333-8FDC-42A3-9474-1A3956D46DE8}") = "ODataV4", "ODataV4", "{6958DFFF-8EBC-479F-B28C-F208689E976A}"
EndProject
Project("{2150E333-8FDC-42A3-9474-1A3956D46DE8}") = "SignalR", "SignalR", "{C476751A-ED69-467A-B6BA-3D867E6BE73B}"
EndProject
Project("{FAE04EC0-301F-11D3-BF4B-00C04F79EFBC}") = "WebSecurityToken", "..\..\..\JBT\iOPSDevelopment\OdataV4\WebSecurity\WebSecurityToken.csproj", "{E1E684D5-8BBF-4A56-8031-15C0F1EF4ADB}"
EndProject
Project("{2150E333-8FDC-42A3-9474-1A3956D46DE8}") = "SSRS", "SSRS", "{B3C32E9F-CFFF-4BE2-9A9D-343E27A6D872}"
EndProject
Project("{FAE04EC0-301F-11D3-BF4B-00C04F79EFBC}") = "SQL2SignalR", "..\..\..\JBT\iOPSDevelopment\iOPS\SQL2SignalR\SQL2SignalR.csproj", "{667683AD-25B6-4135-85DB-A97F885C852B}"
EndProject
Project("{FAE04EC0-301F-11D3-BF4B-00C04F79EFBC}") = "SignalRHubTest", "..\..\..\JBT\iOPSDevelopment\iOPS\SignalRHubTest\SignalRHubTest.csproj", "{DD0E546B-FE8F-46DA-B3B4-B3C977C9EF41}"
EndProject
Project("{2150E333-8FDC-42A3-9474-1A3956D46DE8}") = "Support DLLs", "Support DLLs", "{7DC29F82-DF56-40B8-9FEB-0A13CE06FEBA}"
EndProject
Project("{E24C65DC-7377-472B-9ABA-BC803B73C61A}") = "Website", "Website\", "{F10B1DEF-E915-412B-95F8-82E6DDA88857}"
	ProjectSection(WebsiteProperties) = preProject
		TargetFrameworkMoniker = ".NETFramework,Version%3Dv4.0"
		Debug.AspNetCompiler.VirtualPath = "/localhost_57171"
		Debug.AspNetCompiler.PhysicalPath = "Website\"
		Debug.AspNetCompiler.TargetPath = "PrecompiledWeb\localhost_57171\"
		Debug.AspNetCompiler.Updateable = "true"
		Debug.AspNetCompiler.ForceOverwrite = "true"
		Debug.AspNetCompiler.FixedNames = "false"
		Debug.AspNetCompiler.Debug = "True"
		Release.AspNetCompiler.VirtualPath = "/localhost_57171"
		Release.AspNetCompiler.PhysicalPath = "Website\"
		Release.AspNetCompiler.TargetPath = "PrecompiledWeb\localhost_57171\"
		Release.AspNetCompiler.Updateable = "true"
		Release.AspNetCompiler.ForceOverwrite = "true"
		Release.AspNetCompiler.FixedNames = "false"
		Release.AspNetCompiler.Debug = "False"
		VWDPort = "57171"
		SlnRelativePath = "Website\"
	EndProjectSection
EndProject
Project("{FAE04EC0-301F-11D3-BF4B-00C04F79EFBC}") = "iOPS_ODataV4", "OdataV4\iOPS_ODataV4\iOPS_ODataV4.csproj", "{E5C3B880-6D0E-445B-A394-C79042D03D32}"
EndProject
Project("{FAE04EC0-301F-11D3-BF4B-00C04F79EFBC}") = "SignalRService", "SignalRService\SignalRService.csproj", "{79EC7D9B-27D6-4ACE-AAA3-15DB245C2DD6}"
EndProject
Project("{FAE04EC0-301F-11D3-BF4B-00C04F79EFBC}") = "Library.Utilities.File_Content_Objects", "File_Content_Objects\Library.Utilities.File_Content_Objects.csproj", "{A7C411F7-2925-484F-AA52-DC4B166B6A27}"
EndProject
Project("{E24C65DC-7377-472B-9ABA-BC803B73C61A}") = "Innovation", "..\Innovation\", "{3571525A-18A4-4CFE-A762-7295FDFE8966}"
	ProjectSection(WebsiteProperties) = preProject
		TargetFrameworkMoniker = ".NETFramework,Version%3Dv4.0"
		Debug.AspNetCompiler.VirtualPath = "/localhost_59131"
		Debug.AspNetCompiler.PhysicalPath = "..\Innovation\"
		Debug.AspNetCompiler.TargetPath = "PrecompiledWeb\localhost_59131\"
		Debug.AspNetCompiler.Updateable = "true"
		Debug.AspNetCompiler.ForceOverwrite = "true"
		Debug.AspNetCompiler.FixedNames = "false"
		Debug.AspNetCompiler.Debug = "True"
		Release.AspNetCompiler.VirtualPath = "/localhost_59131"
		Release.AspNetCompiler.PhysicalPath = "..\Innovation\"
		Release.AspNetCompiler.TargetPath = "PrecompiledWeb\localhost_59131\"
		Release.AspNetCompiler.Updateable = "true"
		Release.AspNetCompiler.ForceOverwrite = "true"
		Release.AspNetCompiler.FixedNames = "false"
		Release.AspNetCompiler.Debug = "False"
		VWDPort = "59131"
		SlnRelativePath = "..\Innovation\"
	EndProjectSection
EndProject
Project("{FAE04EC0-301F-11D3-BF4B-00C04F79EFBC}") = "SignalRDatabaseTransmitter", "SignalRDatabaseTransmitter\SignalRDatabaseTransmitter.csproj", "{674DC804-5082-407C-B2D0-DC70A0C3200F}"
EndProject
Project("{2150E333-8FDC-42A3-9474-1A3956D46DE8}") = "AngularWebsite", "AngularWebsite", "{97C33C13-D0E5-4BE4-BEE1-C90A8B34DFD1}"
EndProject
Project("{2150E333-8FDC-42A3-9474-1A3956D46DE8}") = "UTMB Old Code", "UTMB Old Code", "{FAE66428-BCEA-46DD-8903-280CD6C5B818}"
EndProject
Project("{FAE04EC0-301F-11D3-BF4B-00C04F79EFBC}") = "iOPS-ETL", "iOPS-ETL\iOPS-ETL.csproj", "{E58F2870-742D-4FA9-8588-8C92119A7332}"
EndProject
Project("{FAE04EC0-301F-11D3-BF4B-00C04F79EFBC}") = "WeatherData", "WeatherData\WeatherData.csproj", "{B4BB01AD-1EB6-4ED4-98B7-F45BA5A7E5EA}"
EndProject
Project("{2150E333-8FDC-42A3-9474-1A3956D46DE8}") = "Service Processors", "Service Processors", "{EE1DB7D7-056B-4533-984A-016EB554AF92}"
EndProject
Project("{FAE04EC0-301F-11D3-BF4B-00C04F79EFBC}") = "WeatherServiceDataHarvestor", "WeatherServiceDataHarvestor\WeatherServiceDataHarvestor.csproj", "{EC330675-C41D-4AE0-B199-868B11CC6B1F}"
EndProject
Project("{FAE04EC0-301F-11D3-BF4B-00C04F79EFBC}") = "FlightData", "FlightData\FlightData.csproj", "{5F69D8C0-BA21-486A-98EF-7A607E9CFBF7}"
EndProject
Project("{E24C65DC-7377-472B-9ABA-BC803B73C61A}") = "iOPS-Jyotsna", "iOPS-Jyotsna\", "{5473C567-49F8-4B11-9699-6EFF7295F6E8}"
	ProjectSection(WebsiteProperties) = preProject
		TargetFrameworkMoniker = ".NETFramework,Version%3Dv4.0"
		Debug.AspNetCompiler.VirtualPath = "/localhost_52517"
		Debug.AspNetCompiler.PhysicalPath = "iOPS-Jyotsna\"
		Debug.AspNetCompiler.TargetPath = "PrecompiledWeb\localhost_52517\"
		Debug.AspNetCompiler.Updateable = "true"
		Debug.AspNetCompiler.ForceOverwrite = "true"
		Debug.AspNetCompiler.FixedNames = "false"
		Debug.AspNetCompiler.Debug = "True"
		Release.AspNetCompiler.VirtualPath = "/localhost_52517"
		Release.AspNetCompiler.PhysicalPath = "iOPS-Jyotsna\"
		Release.AspNetCompiler.TargetPath = "PrecompiledWeb\localhost_52517\"
		Release.AspNetCompiler.Updateable = "true"
		Release.AspNetCompiler.ForceOverwrite = "true"
		Release.AspNetCompiler.FixedNames = "false"
		Release.AspNetCompiler.Debug = "False"
		VWDPort = "52517"
	EndProjectSection
EndProject
Global
	GlobalSection(SolutionConfigurationPlatforms) = preSolution
		Debug|Any CPU = Debug|Any CPU
		DebugLocal|Any CPU = DebugLocal|Any CPU
		innovation|Any CPU = innovation|Any CPU
		innovationtest|Any CPU = innovationtest|Any CPU
		local|Any CPU = local|Any CPU
		odataprod|Any CPU = odataprod|Any CPU
		odatatest|Any CPU = odatatest|Any CPU
		Release|Any CPU = Release|Any CPU
	EndGlobalSection
	GlobalSection(ProjectConfigurationPlatforms) = postSolution
		{E1E684D5-8BBF-4A56-8031-15C0F1EF4ADB}.Debug|Any CPU.ActiveCfg = Debug|Any CPU
		{E1E684D5-8BBF-4A56-8031-15C0F1EF4ADB}.Debug|Any CPU.Build.0 = Debug|Any CPU
		{E1E684D5-8BBF-4A56-8031-15C0F1EF4ADB}.DebugLocal|Any CPU.ActiveCfg = Debug|Any CPU
		{E1E684D5-8BBF-4A56-8031-15C0F1EF4ADB}.DebugLocal|Any CPU.Build.0 = Debug|Any CPU
		{E1E684D5-8BBF-4A56-8031-15C0F1EF4ADB}.innovation|Any CPU.ActiveCfg = Release|Any CPU
		{E1E684D5-8BBF-4A56-8031-15C0F1EF4ADB}.innovation|Any CPU.Build.0 = Release|Any CPU
		{E1E684D5-8BBF-4A56-8031-15C0F1EF4ADB}.innovationtest|Any CPU.ActiveCfg = Release|Any CPU
		{E1E684D5-8BBF-4A56-8031-15C0F1EF4ADB}.innovationtest|Any CPU.Build.0 = Release|Any CPU
		{E1E684D5-8BBF-4A56-8031-15C0F1EF4ADB}.local|Any CPU.ActiveCfg = Release|Any CPU
		{E1E684D5-8BBF-4A56-8031-15C0F1EF4ADB}.local|Any CPU.Build.0 = Release|Any CPU
		{E1E684D5-8BBF-4A56-8031-15C0F1EF4ADB}.odataprod|Any CPU.ActiveCfg = Release|Any CPU
		{E1E684D5-8BBF-4A56-8031-15C0F1EF4ADB}.odataprod|Any CPU.Build.0 = Release|Any CPU
		{E1E684D5-8BBF-4A56-8031-15C0F1EF4ADB}.odatatest|Any CPU.ActiveCfg = Release|Any CPU
		{E1E684D5-8BBF-4A56-8031-15C0F1EF4ADB}.odatatest|Any CPU.Build.0 = Release|Any CPU
		{E1E684D5-8BBF-4A56-8031-15C0F1EF4ADB}.Release|Any CPU.ActiveCfg = Release|Any CPU
		{E1E684D5-8BBF-4A56-8031-15C0F1EF4ADB}.Release|Any CPU.Build.0 = Release|Any CPU
		{667683AD-25B6-4135-85DB-A97F885C852B}.Debug|Any CPU.ActiveCfg = Debug|Any CPU
		{667683AD-25B6-4135-85DB-A97F885C852B}.Debug|Any CPU.Build.0 = Debug|Any CPU
		{667683AD-25B6-4135-85DB-A97F885C852B}.DebugLocal|Any CPU.ActiveCfg = Debug|Any CPU
		{667683AD-25B6-4135-85DB-A97F885C852B}.DebugLocal|Any CPU.Build.0 = Debug|Any CPU
		{667683AD-25B6-4135-85DB-A97F885C852B}.innovation|Any CPU.ActiveCfg = Release|Any CPU
		{667683AD-25B6-4135-85DB-A97F885C852B}.innovation|Any CPU.Build.0 = Release|Any CPU
		{667683AD-25B6-4135-85DB-A97F885C852B}.innovationtest|Any CPU.ActiveCfg = Release|Any CPU
		{667683AD-25B6-4135-85DB-A97F885C852B}.innovationtest|Any CPU.Build.0 = Release|Any CPU
		{667683AD-25B6-4135-85DB-A97F885C852B}.local|Any CPU.ActiveCfg = Release|Any CPU
		{667683AD-25B6-4135-85DB-A97F885C852B}.local|Any CPU.Build.0 = Release|Any CPU
		{667683AD-25B6-4135-85DB-A97F885C852B}.odataprod|Any CPU.ActiveCfg = Release|Any CPU
		{667683AD-25B6-4135-85DB-A97F885C852B}.odataprod|Any CPU.Build.0 = Release|Any CPU
		{667683AD-25B6-4135-85DB-A97F885C852B}.odatatest|Any CPU.ActiveCfg = Release|Any CPU
		{667683AD-25B6-4135-85DB-A97F885C852B}.odatatest|Any CPU.Build.0 = Release|Any CPU
		{667683AD-25B6-4135-85DB-A97F885C852B}.Release|Any CPU.ActiveCfg = Release|Any CPU
		{667683AD-25B6-4135-85DB-A97F885C852B}.Release|Any CPU.Build.0 = Release|Any CPU
		{DD0E546B-FE8F-46DA-B3B4-B3C977C9EF41}.Debug|Any CPU.ActiveCfg = Debug|Any CPU
		{DD0E546B-FE8F-46DA-B3B4-B3C977C9EF41}.Debug|Any CPU.Build.0 = Debug|Any CPU
		{DD0E546B-FE8F-46DA-B3B4-B3C977C9EF41}.DebugLocal|Any CPU.ActiveCfg = Debug|Any CPU
		{DD0E546B-FE8F-46DA-B3B4-B3C977C9EF41}.DebugLocal|Any CPU.Build.0 = Debug|Any CPU
		{DD0E546B-FE8F-46DA-B3B4-B3C977C9EF41}.innovation|Any CPU.ActiveCfg = Release|Any CPU
		{DD0E546B-FE8F-46DA-B3B4-B3C977C9EF41}.innovation|Any CPU.Build.0 = Release|Any CPU
		{DD0E546B-FE8F-46DA-B3B4-B3C977C9EF41}.innovationtest|Any CPU.ActiveCfg = Release|Any CPU
		{DD0E546B-FE8F-46DA-B3B4-B3C977C9EF41}.innovationtest|Any CPU.Build.0 = Release|Any CPU
		{DD0E546B-FE8F-46DA-B3B4-B3C977C9EF41}.local|Any CPU.ActiveCfg = Release|Any CPU
		{DD0E546B-FE8F-46DA-B3B4-B3C977C9EF41}.local|Any CPU.Build.0 = Release|Any CPU
		{DD0E546B-FE8F-46DA-B3B4-B3C977C9EF41}.odataprod|Any CPU.ActiveCfg = Release|Any CPU
		{DD0E546B-FE8F-46DA-B3B4-B3C977C9EF41}.odataprod|Any CPU.Build.0 = Release|Any CPU
		{DD0E546B-FE8F-46DA-B3B4-B3C977C9EF41}.odatatest|Any CPU.ActiveCfg = Release|Any CPU
		{DD0E546B-FE8F-46DA-B3B4-B3C977C9EF41}.odatatest|Any CPU.Build.0 = Release|Any CPU
		{DD0E546B-FE8F-46DA-B3B4-B3C977C9EF41}.Release|Any CPU.ActiveCfg = Release|Any CPU
		{DD0E546B-FE8F-46DA-B3B4-B3C977C9EF41}.Release|Any CPU.Build.0 = Release|Any CPU
		{F10B1DEF-E915-412B-95F8-82E6DDA88857}.Debug|Any CPU.ActiveCfg = Debug|Any CPU
		{F10B1DEF-E915-412B-95F8-82E6DDA88857}.Debug|Any CPU.Build.0 = Debug|Any CPU
		{F10B1DEF-E915-412B-95F8-82E6DDA88857}.DebugLocal|Any CPU.ActiveCfg = Debug|Any CPU
		{F10B1DEF-E915-412B-95F8-82E6DDA88857}.DebugLocal|Any CPU.Build.0 = Debug|Any CPU
		{F10B1DEF-E915-412B-95F8-82E6DDA88857}.innovation|Any CPU.ActiveCfg = Debug|Any CPU
		{F10B1DEF-E915-412B-95F8-82E6DDA88857}.innovation|Any CPU.Build.0 = Debug|Any CPU
		{F10B1DEF-E915-412B-95F8-82E6DDA88857}.innovationtest|Any CPU.ActiveCfg = Debug|Any CPU
		{F10B1DEF-E915-412B-95F8-82E6DDA88857}.innovationtest|Any CPU.Build.0 = Debug|Any CPU
		{F10B1DEF-E915-412B-95F8-82E6DDA88857}.local|Any CPU.ActiveCfg = Debug|Any CPU
		{F10B1DEF-E915-412B-95F8-82E6DDA88857}.local|Any CPU.Build.0 = Debug|Any CPU
		{F10B1DEF-E915-412B-95F8-82E6DDA88857}.odataprod|Any CPU.ActiveCfg = Debug|Any CPU
		{F10B1DEF-E915-412B-95F8-82E6DDA88857}.odataprod|Any CPU.Build.0 = Debug|Any CPU
		{F10B1DEF-E915-412B-95F8-82E6DDA88857}.odatatest|Any CPU.ActiveCfg = Debug|Any CPU
		{F10B1DEF-E915-412B-95F8-82E6DDA88857}.odatatest|Any CPU.Build.0 = Debug|Any CPU
		{F10B1DEF-E915-412B-95F8-82E6DDA88857}.Release|Any CPU.ActiveCfg = Debug|Any CPU
		{F10B1DEF-E915-412B-95F8-82E6DDA88857}.Release|Any CPU.Build.0 = Debug|Any CPU
		{E5C3B880-6D0E-445B-A394-C79042D03D32}.Debug|Any CPU.ActiveCfg = Debug|Any CPU
		{E5C3B880-6D0E-445B-A394-C79042D03D32}.Debug|Any CPU.Build.0 = Debug|Any CPU
		{E5C3B880-6D0E-445B-A394-C79042D03D32}.DebugLocal|Any CPU.ActiveCfg = Debug|Any CPU
		{E5C3B880-6D0E-445B-A394-C79042D03D32}.DebugLocal|Any CPU.Build.0 = Debug|Any CPU
		{E5C3B880-6D0E-445B-A394-C79042D03D32}.innovation|Any CPU.ActiveCfg = Release|Any CPU
		{E5C3B880-6D0E-445B-A394-C79042D03D32}.innovation|Any CPU.Build.0 = Release|Any CPU
		{E5C3B880-6D0E-445B-A394-C79042D03D32}.innovationtest|Any CPU.ActiveCfg = Release|Any CPU
		{E5C3B880-6D0E-445B-A394-C79042D03D32}.innovationtest|Any CPU.Build.0 = Release|Any CPU
		{E5C3B880-6D0E-445B-A394-C79042D03D32}.local|Any CPU.ActiveCfg = Release|Any CPU
		{E5C3B880-6D0E-445B-A394-C79042D03D32}.local|Any CPU.Build.0 = Release|Any CPU
		{E5C3B880-6D0E-445B-A394-C79042D03D32}.odataprod|Any CPU.ActiveCfg = Release|Any CPU
		{E5C3B880-6D0E-445B-A394-C79042D03D32}.odataprod|Any CPU.Build.0 = Release|Any CPU
		{E5C3B880-6D0E-445B-A394-C79042D03D32}.odatatest|Any CPU.ActiveCfg = Release|Any CPU
		{E5C3B880-6D0E-445B-A394-C79042D03D32}.odatatest|Any CPU.Build.0 = Release|Any CPU
		{E5C3B880-6D0E-445B-A394-C79042D03D32}.Release|Any CPU.ActiveCfg = Release|Any CPU
		{E5C3B880-6D0E-445B-A394-C79042D03D32}.Release|Any CPU.Build.0 = Release|Any CPU
		{79EC7D9B-27D6-4ACE-AAA3-15DB245C2DD6}.Debug|Any CPU.ActiveCfg = Debug|Any CPU
		{79EC7D9B-27D6-4ACE-AAA3-15DB245C2DD6}.Debug|Any CPU.Build.0 = Debug|Any CPU
		{79EC7D9B-27D6-4ACE-AAA3-15DB245C2DD6}.DebugLocal|Any CPU.ActiveCfg = Debug|Any CPU
		{79EC7D9B-27D6-4ACE-AAA3-15DB245C2DD6}.DebugLocal|Any CPU.Build.0 = Debug|Any CPU
		{79EC7D9B-27D6-4ACE-AAA3-15DB245C2DD6}.innovation|Any CPU.ActiveCfg = Release|Any CPU
		{79EC7D9B-27D6-4ACE-AAA3-15DB245C2DD6}.innovation|Any CPU.Build.0 = Release|Any CPU
		{79EC7D9B-27D6-4ACE-AAA3-15DB245C2DD6}.innovationtest|Any CPU.ActiveCfg = Release|Any CPU
		{79EC7D9B-27D6-4ACE-AAA3-15DB245C2DD6}.innovationtest|Any CPU.Build.0 = Release|Any CPU
		{79EC7D9B-27D6-4ACE-AAA3-15DB245C2DD6}.local|Any CPU.ActiveCfg = Release|Any CPU
		{79EC7D9B-27D6-4ACE-AAA3-15DB245C2DD6}.local|Any CPU.Build.0 = Release|Any CPU
		{79EC7D9B-27D6-4ACE-AAA3-15DB245C2DD6}.odataprod|Any CPU.ActiveCfg = Release|Any CPU
		{79EC7D9B-27D6-4ACE-AAA3-15DB245C2DD6}.odataprod|Any CPU.Build.0 = Release|Any CPU
		{79EC7D9B-27D6-4ACE-AAA3-15DB245C2DD6}.odatatest|Any CPU.ActiveCfg = Release|Any CPU
		{79EC7D9B-27D6-4ACE-AAA3-15DB245C2DD6}.odatatest|Any CPU.Build.0 = Release|Any CPU
		{79EC7D9B-27D6-4ACE-AAA3-15DB245C2DD6}.Release|Any CPU.ActiveCfg = Release|Any CPU
		{79EC7D9B-27D6-4ACE-AAA3-15DB245C2DD6}.Release|Any CPU.Build.0 = Release|Any CPU
		{A7C411F7-2925-484F-AA52-DC4B166B6A27}.Debug|Any CPU.ActiveCfg = Debug|Any CPU
		{A7C411F7-2925-484F-AA52-DC4B166B6A27}.Debug|Any CPU.Build.0 = Debug|Any CPU
		{A7C411F7-2925-484F-AA52-DC4B166B6A27}.DebugLocal|Any CPU.ActiveCfg = Debug|Any CPU
		{A7C411F7-2925-484F-AA52-DC4B166B6A27}.DebugLocal|Any CPU.Build.0 = Debug|Any CPU
		{A7C411F7-2925-484F-AA52-DC4B166B6A27}.innovation|Any CPU.ActiveCfg = Release|Any CPU
		{A7C411F7-2925-484F-AA52-DC4B166B6A27}.innovation|Any CPU.Build.0 = Release|Any CPU
		{A7C411F7-2925-484F-AA52-DC4B166B6A27}.innovationtest|Any CPU.ActiveCfg = Release|Any CPU
		{A7C411F7-2925-484F-AA52-DC4B166B6A27}.innovationtest|Any CPU.Build.0 = Release|Any CPU
		{A7C411F7-2925-484F-AA52-DC4B166B6A27}.local|Any CPU.ActiveCfg = Release|Any CPU
		{A7C411F7-2925-484F-AA52-DC4B166B6A27}.local|Any CPU.Build.0 = Release|Any CPU
		{A7C411F7-2925-484F-AA52-DC4B166B6A27}.odataprod|Any CPU.ActiveCfg = Release|Any CPU
		{A7C411F7-2925-484F-AA52-DC4B166B6A27}.odataprod|Any CPU.Build.0 = Release|Any CPU
		{A7C411F7-2925-484F-AA52-DC4B166B6A27}.odatatest|Any CPU.ActiveCfg = Release|Any CPU
		{A7C411F7-2925-484F-AA52-DC4B166B6A27}.odatatest|Any CPU.Build.0 = Release|Any CPU
		{A7C411F7-2925-484F-AA52-DC4B166B6A27}.Release|Any CPU.ActiveCfg = Release|Any CPU
		{A7C411F7-2925-484F-AA52-DC4B166B6A27}.Release|Any CPU.Build.0 = Release|Any CPU
		{3571525A-18A4-4CFE-A762-7295FDFE8966}.Debug|Any CPU.ActiveCfg = Debug|Any CPU
		{3571525A-18A4-4CFE-A762-7295FDFE8966}.Debug|Any CPU.Build.0 = Debug|Any CPU
		{3571525A-18A4-4CFE-A762-7295FDFE8966}.DebugLocal|Any CPU.ActiveCfg = Debug|Any CPU
		{3571525A-18A4-4CFE-A762-7295FDFE8966}.DebugLocal|Any CPU.Build.0 = Debug|Any CPU
		{3571525A-18A4-4CFE-A762-7295FDFE8966}.innovation|Any CPU.ActiveCfg = Debug|Any CPU
		{3571525A-18A4-4CFE-A762-7295FDFE8966}.innovation|Any CPU.Build.0 = Debug|Any CPU
		{3571525A-18A4-4CFE-A762-7295FDFE8966}.innovationtest|Any CPU.ActiveCfg = Debug|Any CPU
		{3571525A-18A4-4CFE-A762-7295FDFE8966}.innovationtest|Any CPU.Build.0 = Debug|Any CPU
		{3571525A-18A4-4CFE-A762-7295FDFE8966}.local|Any CPU.ActiveCfg = Debug|Any CPU
		{3571525A-18A4-4CFE-A762-7295FDFE8966}.local|Any CPU.Build.0 = Debug|Any CPU
		{3571525A-18A4-4CFE-A762-7295FDFE8966}.odataprod|Any CPU.ActiveCfg = Debug|Any CPU
		{3571525A-18A4-4CFE-A762-7295FDFE8966}.odataprod|Any CPU.Build.0 = Debug|Any CPU
		{3571525A-18A4-4CFE-A762-7295FDFE8966}.odatatest|Any CPU.ActiveCfg = Debug|Any CPU
		{3571525A-18A4-4CFE-A762-7295FDFE8966}.odatatest|Any CPU.Build.0 = Debug|Any CPU
		{3571525A-18A4-4CFE-A762-7295FDFE8966}.Release|Any CPU.ActiveCfg = Debug|Any CPU
		{3571525A-18A4-4CFE-A762-7295FDFE8966}.Release|Any CPU.Build.0 = Debug|Any CPU
		{674DC804-5082-407C-B2D0-DC70A0C3200F}.Debug|Any CPU.ActiveCfg = Debug|Any CPU
		{674DC804-5082-407C-B2D0-DC70A0C3200F}.Debug|Any CPU.Build.0 = Debug|Any CPU
		{674DC804-5082-407C-B2D0-DC70A0C3200F}.DebugLocal|Any CPU.ActiveCfg = Debug|Any CPU
		{674DC804-5082-407C-B2D0-DC70A0C3200F}.DebugLocal|Any CPU.Build.0 = Debug|Any CPU
		{674DC804-5082-407C-B2D0-DC70A0C3200F}.innovation|Any CPU.ActiveCfg = Release|Any CPU
		{674DC804-5082-407C-B2D0-DC70A0C3200F}.innovation|Any CPU.Build.0 = Release|Any CPU
		{674DC804-5082-407C-B2D0-DC70A0C3200F}.innovationtest|Any CPU.ActiveCfg = Release|Any CPU
		{674DC804-5082-407C-B2D0-DC70A0C3200F}.innovationtest|Any CPU.Build.0 = Release|Any CPU
		{674DC804-5082-407C-B2D0-DC70A0C3200F}.local|Any CPU.ActiveCfg = Release|Any CPU
		{674DC804-5082-407C-B2D0-DC70A0C3200F}.local|Any CPU.Build.0 = Release|Any CPU
		{674DC804-5082-407C-B2D0-DC70A0C3200F}.odataprod|Any CPU.ActiveCfg = Release|Any CPU
		{674DC804-5082-407C-B2D0-DC70A0C3200F}.odataprod|Any CPU.Build.0 = Release|Any CPU
		{674DC804-5082-407C-B2D0-DC70A0C3200F}.odatatest|Any CPU.ActiveCfg = Release|Any CPU
		{674DC804-5082-407C-B2D0-DC70A0C3200F}.odatatest|Any CPU.Build.0 = Release|Any CPU
		{674DC804-5082-407C-B2D0-DC70A0C3200F}.Release|Any CPU.ActiveCfg = Release|Any CPU
		{674DC804-5082-407C-B2D0-DC70A0C3200F}.Release|Any CPU.Build.0 = Release|Any CPU
		{E58F2870-742D-4FA9-8588-8C92119A7332}.Debug|Any CPU.ActiveCfg = Debug|Any CPU
		{E58F2870-742D-4FA9-8588-8C92119A7332}.Debug|Any CPU.Build.0 = Debug|Any CPU
		{E58F2870-742D-4FA9-8588-8C92119A7332}.DebugLocal|Any CPU.ActiveCfg = Debug|Any CPU
		{E58F2870-742D-4FA9-8588-8C92119A7332}.DebugLocal|Any CPU.Build.0 = Debug|Any CPU
		{E58F2870-742D-4FA9-8588-8C92119A7332}.innovation|Any CPU.ActiveCfg = Release|Any CPU
		{E58F2870-742D-4FA9-8588-8C92119A7332}.innovation|Any CPU.Build.0 = Release|Any CPU
		{E58F2870-742D-4FA9-8588-8C92119A7332}.innovationtest|Any CPU.ActiveCfg = Release|Any CPU
		{E58F2870-742D-4FA9-8588-8C92119A7332}.innovationtest|Any CPU.Build.0 = Release|Any CPU
		{E58F2870-742D-4FA9-8588-8C92119A7332}.local|Any CPU.ActiveCfg = Release|Any CPU
		{E58F2870-742D-4FA9-8588-8C92119A7332}.local|Any CPU.Build.0 = Release|Any CPU
		{E58F2870-742D-4FA9-8588-8C92119A7332}.odataprod|Any CPU.ActiveCfg = Release|Any CPU
		{E58F2870-742D-4FA9-8588-8C92119A7332}.odataprod|Any CPU.Build.0 = Release|Any CPU
		{E58F2870-742D-4FA9-8588-8C92119A7332}.odatatest|Any CPU.ActiveCfg = Release|Any CPU
		{E58F2870-742D-4FA9-8588-8C92119A7332}.odatatest|Any CPU.Build.0 = Release|Any CPU
		{E58F2870-742D-4FA9-8588-8C92119A7332}.Release|Any CPU.ActiveCfg = Release|Any CPU
		{E58F2870-742D-4FA9-8588-8C92119A7332}.Release|Any CPU.Build.0 = Release|Any CPU
		{B4BB01AD-1EB6-4ED4-98B7-F45BA5A7E5EA}.Debug|Any CPU.ActiveCfg = Debug|Any CPU
		{B4BB01AD-1EB6-4ED4-98B7-F45BA5A7E5EA}.Debug|Any CPU.Build.0 = Debug|Any CPU
		{B4BB01AD-1EB6-4ED4-98B7-F45BA5A7E5EA}.DebugLocal|Any CPU.ActiveCfg = Debug|Any CPU
		{B4BB01AD-1EB6-4ED4-98B7-F45BA5A7E5EA}.DebugLocal|Any CPU.Build.0 = Debug|Any CPU
		{B4BB01AD-1EB6-4ED4-98B7-F45BA5A7E5EA}.innovation|Any CPU.ActiveCfg = Release|Any CPU
		{B4BB01AD-1EB6-4ED4-98B7-F45BA5A7E5EA}.innovation|Any CPU.Build.0 = Release|Any CPU
		{B4BB01AD-1EB6-4ED4-98B7-F45BA5A7E5EA}.innovationtest|Any CPU.ActiveCfg = Release|Any CPU
		{B4BB01AD-1EB6-4ED4-98B7-F45BA5A7E5EA}.innovationtest|Any CPU.Build.0 = Release|Any CPU
		{B4BB01AD-1EB6-4ED4-98B7-F45BA5A7E5EA}.local|Any CPU.ActiveCfg = Release|Any CPU
		{B4BB01AD-1EB6-4ED4-98B7-F45BA5A7E5EA}.local|Any CPU.Build.0 = Release|Any CPU
		{B4BB01AD-1EB6-4ED4-98B7-F45BA5A7E5EA}.odataprod|Any CPU.ActiveCfg = Release|Any CPU
		{B4BB01AD-1EB6-4ED4-98B7-F45BA5A7E5EA}.odataprod|Any CPU.Build.0 = Release|Any CPU
		{B4BB01AD-1EB6-4ED4-98B7-F45BA5A7E5EA}.odatatest|Any CPU.ActiveCfg = Release|Any CPU
		{B4BB01AD-1EB6-4ED4-98B7-F45BA5A7E5EA}.odatatest|Any CPU.Build.0 = Release|Any CPU
		{B4BB01AD-1EB6-4ED4-98B7-F45BA5A7E5EA}.Release|Any CPU.ActiveCfg = Release|Any CPU
		{B4BB01AD-1EB6-4ED4-98B7-F45BA5A7E5EA}.Release|Any CPU.Build.0 = Release|Any CPU
		{EC330675-C41D-4AE0-B199-868B11CC6B1F}.Debug|Any CPU.ActiveCfg = Debug|Any CPU
		{EC330675-C41D-4AE0-B199-868B11CC6B1F}.Debug|Any CPU.Build.0 = Debug|Any CPU
		{EC330675-C41D-4AE0-B199-868B11CC6B1F}.DebugLocal|Any CPU.ActiveCfg = Debug|Any CPU
		{EC330675-C41D-4AE0-B199-868B11CC6B1F}.DebugLocal|Any CPU.Build.0 = Debug|Any CPU
		{EC330675-C41D-4AE0-B199-868B11CC6B1F}.innovation|Any CPU.ActiveCfg = Release|Any CPU
		{EC330675-C41D-4AE0-B199-868B11CC6B1F}.innovation|Any CPU.Build.0 = Release|Any CPU
		{EC330675-C41D-4AE0-B199-868B11CC6B1F}.innovationtest|Any CPU.ActiveCfg = Release|Any CPU
		{EC330675-C41D-4AE0-B199-868B11CC6B1F}.innovationtest|Any CPU.Build.0 = Release|Any CPU
		{EC330675-C41D-4AE0-B199-868B11CC6B1F}.local|Any CPU.ActiveCfg = Release|Any CPU
		{EC330675-C41D-4AE0-B199-868B11CC6B1F}.local|Any CPU.Build.0 = Release|Any CPU
		{EC330675-C41D-4AE0-B199-868B11CC6B1F}.odataprod|Any CPU.ActiveCfg = Release|Any CPU
		{EC330675-C41D-4AE0-B199-868B11CC6B1F}.odataprod|Any CPU.Build.0 = Release|Any CPU
		{EC330675-C41D-4AE0-B199-868B11CC6B1F}.odatatest|Any CPU.ActiveCfg = Release|Any CPU
		{EC330675-C41D-4AE0-B199-868B11CC6B1F}.odatatest|Any CPU.Build.0 = Release|Any CPU
		{EC330675-C41D-4AE0-B199-868B11CC6B1F}.Release|Any CPU.ActiveCfg = Release|Any CPU
		{EC330675-C41D-4AE0-B199-868B11CC6B1F}.Release|Any CPU.Build.0 = Release|Any CPU
		{5F69D8C0-BA21-486A-98EF-7A607E9CFBF7}.Debug|Any CPU.ActiveCfg = Debug|Any CPU
		{5F69D8C0-BA21-486A-98EF-7A607E9CFBF7}.Debug|Any CPU.Build.0 = Debug|Any CPU
		{5F69D8C0-BA21-486A-98EF-7A607E9CFBF7}.DebugLocal|Any CPU.ActiveCfg = Debug|Any CPU
		{5F69D8C0-BA21-486A-98EF-7A607E9CFBF7}.DebugLocal|Any CPU.Build.0 = Debug|Any CPU
		{5F69D8C0-BA21-486A-98EF-7A607E9CFBF7}.innovation|Any CPU.ActiveCfg = Release|Any CPU
		{5F69D8C0-BA21-486A-98EF-7A607E9CFBF7}.innovation|Any CPU.Build.0 = Release|Any CPU
		{5F69D8C0-BA21-486A-98EF-7A607E9CFBF7}.innovationtest|Any CPU.ActiveCfg = Release|Any CPU
		{5F69D8C0-BA21-486A-98EF-7A607E9CFBF7}.innovationtest|Any CPU.Build.0 = Release|Any CPU
		{5F69D8C0-BA21-486A-98EF-7A607E9CFBF7}.local|Any CPU.ActiveCfg = Release|Any CPU
		{5F69D8C0-BA21-486A-98EF-7A607E9CFBF7}.local|Any CPU.Build.0 = Release|Any CPU
		{5F69D8C0-BA21-486A-98EF-7A607E9CFBF7}.odataprod|Any CPU.ActiveCfg = Release|Any CPU
		{5F69D8C0-BA21-486A-98EF-7A607E9CFBF7}.odataprod|Any CPU.Build.0 = Release|Any CPU
		{5F69D8C0-BA21-486A-98EF-7A607E9CFBF7}.odatatest|Any CPU.ActiveCfg = Release|Any CPU
		{5F69D8C0-BA21-486A-98EF-7A607E9CFBF7}.odatatest|Any CPU.Build.0 = Release|Any CPU
		{5F69D8C0-BA21-486A-98EF-7A607E9CFBF7}.Release|Any CPU.ActiveCfg = Release|Any CPU
		{5F69D8C0-BA21-486A-98EF-7A607E9CFBF7}.Release|Any CPU.Build.0 = Release|Any CPU
		{5473C567-49F8-4B11-9699-6EFF7295F6E8}.Debug|Any CPU.ActiveCfg = Debug|Any CPU
		{5473C567-49F8-4B11-9699-6EFF7295F6E8}.Debug|Any CPU.Build.0 = Debug|Any CPU
		{5473C567-49F8-4B11-9699-6EFF7295F6E8}.DebugLocal|Any CPU.ActiveCfg = Debug|Any CPU
		{5473C567-49F8-4B11-9699-6EFF7295F6E8}.DebugLocal|Any CPU.Build.0 = Debug|Any CPU
		{5473C567-49F8-4B11-9699-6EFF7295F6E8}.innovation|Any CPU.ActiveCfg = Debug|Any CPU
		{5473C567-49F8-4B11-9699-6EFF7295F6E8}.innovation|Any CPU.Build.0 = Debug|Any CPU
		{5473C567-49F8-4B11-9699-6EFF7295F6E8}.innovationtest|Any CPU.ActiveCfg = Debug|Any CPU
		{5473C567-49F8-4B11-9699-6EFF7295F6E8}.innovationtest|Any CPU.Build.0 = Debug|Any CPU
		{5473C567-49F8-4B11-9699-6EFF7295F6E8}.local|Any CPU.ActiveCfg = Debug|Any CPU
		{5473C567-49F8-4B11-9699-6EFF7295F6E8}.local|Any CPU.Build.0 = Debug|Any CPU
		{5473C567-49F8-4B11-9699-6EFF7295F6E8}.odataprod|Any CPU.ActiveCfg = Debug|Any CPU
		{5473C567-49F8-4B11-9699-6EFF7295F6E8}.odataprod|Any CPU.Build.0 = Debug|Any CPU
		{5473C567-49F8-4B11-9699-6EFF7295F6E8}.odatatest|Any CPU.ActiveCfg = Debug|Any CPU
		{5473C567-49F8-4B11-9699-6EFF7295F6E8}.odatatest|Any CPU.Build.0 = Debug|Any CPU
		{5473C567-49F8-4B11-9699-6EFF7295F6E8}.Release|Any CPU.ActiveCfg = Debug|Any CPU
		{5473C567-49F8-4B11-9699-6EFF7295F6E8}.Release|Any CPU.Build.0 = Debug|Any CPU
	EndGlobalSection
	GlobalSection(SolutionProperties) = preSolution
		HideSolutionNode = FALSE
	EndGlobalSection
	GlobalSection(NestedProjects) = preSolution
		{6958DFFF-8EBC-479F-B28C-F208689E976A} = {5AA13B71-5A75-4181-87D4-F42957C63B4A}
		{C476751A-ED69-467A-B6BA-3D867E6BE73B} = {5AA13B71-5A75-4181-87D4-F42957C63B4A}
		{E1E684D5-8BBF-4A56-8031-15C0F1EF4ADB} = {6958DFFF-8EBC-479F-B28C-F208689E976A}
		{667683AD-25B6-4135-85DB-A97F885C852B} = {C476751A-ED69-467A-B6BA-3D867E6BE73B}
		{DD0E546B-FE8F-46DA-B3B4-B3C977C9EF41} = {C476751A-ED69-467A-B6BA-3D867E6BE73B}
		{7DC29F82-DF56-40B8-9FEB-0A13CE06FEBA} = {5AA13B71-5A75-4181-87D4-F42957C63B4A}
		{F10B1DEF-E915-412B-95F8-82E6DDA88857} = {97C33C13-D0E5-4BE4-BEE1-C90A8B34DFD1}
		{E5C3B880-6D0E-445B-A394-C79042D03D32} = {6958DFFF-8EBC-479F-B28C-F208689E976A}
		{79EC7D9B-27D6-4ACE-AAA3-15DB245C2DD6} = {C476751A-ED69-467A-B6BA-3D867E6BE73B}
		{A7C411F7-2925-484F-AA52-DC4B166B6A27} = {7DC29F82-DF56-40B8-9FEB-0A13CE06FEBA}
		{3571525A-18A4-4CFE-A762-7295FDFE8966} = {FAE66428-BCEA-46DD-8903-280CD6C5B818}
		{674DC804-5082-407C-B2D0-DC70A0C3200F} = {EE1DB7D7-056B-4533-984A-016EB554AF92}
		{E58F2870-742D-4FA9-8588-8C92119A7332} = {EE1DB7D7-056B-4533-984A-016EB554AF92}
		{B4BB01AD-1EB6-4ED4-98B7-F45BA5A7E5EA} = {7DC29F82-DF56-40B8-9FEB-0A13CE06FEBA}
		{EC330675-C41D-4AE0-B199-868B11CC6B1F} = {EE1DB7D7-056B-4533-984A-016EB554AF92}
		{5F69D8C0-BA21-486A-98EF-7A607E9CFBF7} = {7DC29F82-DF56-40B8-9FEB-0A13CE06FEBA}
		{5473C567-49F8-4B11-9699-6EFF7295F6E8} = {97C33C13-D0E5-4BE4-BEE1-C90A8B34DFD1}
	EndGlobalSection
EndGlobal
