
Microsoft Visual Studio Solution File, Format Version 12.00
# Visual Studio 2012
Project("{E24C65DC-7377-472B-9ABA-BC803B73C61A}") = "my$", "\\exprodweb1\my$\", "{64E98DA8-15FB-4601-804E-D964D1A96F66}"
	ProjectSection(WebsiteProperties) = preProject
		TargetFrameworkMoniker = ".NETFramework,Version%3Dv2.0"
		Debug.AspNetCompiler.VirtualPath = "/my$"
		Debug.AspNetCompiler.PhysicalPath = "\\exprodweb1\my$\"
		Debug.AspNetCompiler.TargetPath = "PrecompiledWeb\my$\"
		Debug.AspNetCompiler.Updateable = "true"
		Debug.AspNetCompiler.ForceOverwrite = "true"
		Debug.AspNetCompiler.FixedNames = "false"
		Debug.AspNetCompiler.Debug = "True"
		Release.AspNetCompiler.VirtualPath = "/my$"
		Release.AspNetCompiler.PhysicalPath = "\\exprodweb1\my$\"
		Release.AspNetCompiler.TargetPath = "PrecompiledWeb\my$\"
		Release.AspNetCompiler.Updateable = "true"
		Release.AspNetCompiler.ForceOverwrite = "true"
		Release.AspNetCompiler.FixedNames = "false"
		Release.AspNetCompiler.Debug = "False"
		VWDPort = "58904"
	EndProjectSection
EndProject
Global
	GlobalSection(SolutionConfigurationPlatforms) = preSolution
		Debug|Any CPU = Debug|Any CPU
	EndGlobalSection
	GlobalSection(ProjectConfigurationPlatforms) = postSolution
		{64E98DA8-15FB-4601-804E-D964D1A96F66}.Debug|Any CPU.ActiveCfg = Debug|Any CPU
		{64E98DA8-15FB-4601-804E-D964D1A96F66}.Debug|Any CPU.Build.0 = Debug|Any CPU
	EndGlobalSection
	GlobalSection(SolutionProperties) = preSolution
		HideSolutionNode = FALSE
	EndGlobalSection
EndGlobal
