
Microsoft Visual Studio Solution File, Format Version 12.00
# Visual Studio 2013
VisualStudioVersion = 12.0.30501.0
MinimumVisualStudioVersion = 10.0.40219.1
Project("{FAE04EC0-301F-11D3-BF4B-00C04F79EFBC}") = "File_Image_Library", "File_Image_Library.csproj", "{F543D088-E562-4506-B40A-6A02386A0595}"
EndProject
Project("{FAE04EC0-301F-11D3-BF4B-00C04F79EFBC}") = "File_Image_Library_Test", "..\..\..\Test Harnesses\Library Classes\File_Image_Library_Test\File_Image_Library_Test.csproj", "{3346B41D-2673-4DD8-9FC4-88021555AF9C}"
	ProjectSection(ProjectDependencies) = postProject
		{F543D088-E562-4506-B40A-6A02386A0595} = {F543D088-E562-4506-B40A-6A02386A0595}
	EndProjectSection
EndProject
Global
	GlobalSection(SolutionConfigurationPlatforms) = preSolution
		Debug|Any CPU = Debug|Any CPU
		Release|Any CPU = Release|Any CPU
	EndGlobalSection
	GlobalSection(ProjectConfigurationPlatforms) = postSolution
		{F543D088-E562-4506-B40A-6A02386A0595}.Debug|Any CPU.ActiveCfg = Debug|Any CPU
		{F543D088-E562-4506-B40A-6A02386A0595}.Debug|Any CPU.Build.0 = Debug|Any CPU
		{F543D088-E562-4506-B40A-6A02386A0595}.Release|Any CPU.ActiveCfg = Release|Any CPU
		{F543D088-E562-4506-B40A-6A02386A0595}.Release|Any CPU.Build.0 = Release|Any CPU
		{3346B41D-2673-4DD8-9FC4-88021555AF9C}.Debug|Any CPU.ActiveCfg = Debug|Any CPU
		{3346B41D-2673-4DD8-9FC4-88021555AF9C}.Debug|Any CPU.Build.0 = Debug|Any CPU
		{3346B41D-2673-4DD8-9FC4-88021555AF9C}.Release|Any CPU.ActiveCfg = Release|Any CPU
		{3346B41D-2673-4DD8-9FC4-88021555AF9C}.Release|Any CPU.Build.0 = Release|Any CPU
	EndGlobalSection
	GlobalSection(SolutionProperties) = preSolution
		HideSolutionNode = FALSE
	EndGlobalSection
EndGlobal
